
Microsoft Visual Studio Solution File, Format Version 12.00
# Visual Studio Version 16
VisualStudioVersion = 16.0.30907.101
MinimumVisualStudioVersion = 10.0.40219.1
Project("{FAE04EC0-301F-11D3-BF4B-00C04F79EFBC}") = "CQRSLearning.Web", "CQRSLearning.Web\CQRSLearning.Web.csproj", "{C57D2F3D-043A-4689-B675-66FA9EE11214}"
EndProject
Global
	GlobalSection(SolutionConfigurationPlatforms) = preSolution
		Debug|Any CPU = Debug|Any CPU
		Release|Any CPU = Release|Any CPU
	EndGlobalSection
	GlobalSection(ProjectConfigurationPlatforms) = postSolution
		{C57D2F3D-043A-4689-B675-66FA9EE11214}.Debug|Any CPU.ActiveCfg = Debug|Any CPU
		{C57D2F3D-043A-4689-B675-66FA9EE11214}.Debug|Any CPU.Build.0 = Debug|Any CPU
		{C57D2F3D-043A-4689-B675-66FA9EE11214}.Release|Any CPU.ActiveCfg = Release|Any CPU
		{C57D2F3D-043A-4689-B675-66FA9EE11214}.Release|Any CPU.Build.0 = Release|Any CPU
	EndGlobalSection
	GlobalSection(SolutionProperties) = preSolution
		HideSolutionNode = FALSE
	EndGlobalSection
	GlobalSection(ExtensibilityGlobals) = postSolution
		SolutionGuid = {767DA851-77EA-4504-BFC0-7D4A3639B0D6}
	EndGlobalSection
EndGlobal
